{
    "_meta": {
        "hash": {
            "sha256": "14a5911b9a7746e38fe0c70c633e057f69b5b5e1ed8d92cdd919606e11860235"
        },
        "pipfile-spec": 6,
        "requires": {
            "python_version": "3.10.12"
        },
        "sources": [
            {
                "name": "pypi",
                "url": "https://pypi.org/simple",
                "verify_ssl": true
            }
        ]
    },
    "default": {
        "exceptiongroup": {
            "hashes": [
                "sha256:8b412432c6055b0b7d14c310000ae93352ed6754f70fa8f7c34141f91c4e3219",
                "sha256:a7a39a3bd276781e98394987d3a5701d0c4edffb633bb7a5144577f82c773598"
            ],
            "markers": "python_version >= '3.7'",
            "version": "==1.3.1"
        },
        "iniconfig": {
            "hashes": [
                "sha256:67f4b9c50da0dedf52af349e7749a80a9057a5031199791b906c3bb3ae878960",
                "sha256:9121e2c1fdb355232495be3194c8dfe87ccc2d5dee45947b78e68f499790d7a7"
            ],
            "markers": "python_version >= '3.10'",
            "version": "==2.3.1"
        },
        "numpy": {
            "hashes": [
                "sha256:038613e9fb8c72b0a41f025a7e4c3f0b7a1b5d768ece4796b674c8f3fe13efff",
                "sha256:0678000bb9ac1475cd454c6b8c799206af8107e310843532b04d49649c717a47",
                "sha256:0811bb762109d9708cca4d0b13c4f67146e3c3b7cf8d34018c722adb2d957c84",
                "sha256:0b605b275d7bd0c640cad4e5d30fa701a8d59302e127e5f79138ad62762c3e3d",
                "sha256:0bca768cd85ae743b2affdc762d617eddf3bcf8724435498a1e80132d04879e6",
                "sha256:1bc23a79bfabc5d056d106f9befb8d50c31ced2fbc70eedb8155aec74a45798f",
                "sha256:287cc3162b6f01463ccd86be154f284d0893d2b3ed7292439ea97eafa8170e0b",
                "sha256:37c0ca431f82cd5fa716eca9506aefcabc247fb27ba69c5062a6d3ade8cf8f49",
                "sha256:37e990a01ae6ec7fe7fa1c26c55ecb672dd98b19c3d0e1d1f326fa13cb38d163",
                "sha256:389d771b1623ec92636b0786bc4ae56abafad4a4c513d36a55dce14bd9ce8571",
                "sha256:3d70692235e759f260c3d837193090014aebdf026dfd167834bcba43e30c2a42",
                "sha256:41c5a21f4a04fa86436124d388f6ed60a9343a6f767fced1a8a71c3fbca038ff",
                "sha256:481b49095335f8eed42e39e8041327c05b0f6f4780488f61286ed3c01368d491",
                "sha256:4eeaae00d789f66c7a25ac5f34b71a7035bb474e679f410e5e1a94deb24cf2d4",
                "sha256:55a4d33fa519660d69614a9fad433be87e5252f4b03850642f88993f7b2ca566",
                "sha256:5a6429d4be8ca66d889b7cf70f536a397dc45ba6faeb5f8c5427935d9592e9cf",
                "sha256:5bd4fc3ac8926b3819797a7c0e2631eb889b4118a9898c84f585a54d475b7e40",
                "sha256:5beb72339d9d4fa36522fc63802f469b13cdbe4fdab4a288f0c441b74272ebfd",
                "sha256:6031dd6dfecc0cf9f668681a37648373bddd6421fff6c66ec1624eed0180ee06",
                "sha256:71594f7c51a18e728451bb50cc60a3ce4e6538822731b2933209a1f3614e9282",
                "sha256:74d4531beb257d2c3f4b261bfb0fc09e0f9ebb8842d82a7b4209415896adc680",
                "sha256:7befc596a7dc9da8a337f79802ee8adb30a552a94f792b9c9d18c840055907db",
                "sha256:894b3a42502226a1cac872f840030665f33326fc3dac8e57c607905773cdcde3",
                "sha256:8e41fd67c52b86603a91c1a505ebaef50b3314de0213461c7a6e99c9a3beff90",
                "sha256:8e9ace4a37db23421249ed236fdcdd457d671e25146786dfc96835cd951aa7c1",
                "sha256:8fc377d995680230e83241d8a96def29f204b5782f371c532579b4f20607a289",
                "sha256:9551a499bf125c1d4f9e250377c1ee2eddd02e01eac6644c080162c0c51778ab",
                "sha256:b0544343a702fa80c95ad5d3d608ea3599dd54d4632df855e4c8d24eb6ecfa1c",
                "sha256:b093dd74e50a8cba3e873868d9e93a85b78e0daf2e98c6797566ad8044e8363d",
                "sha256:b412caa66f72040e6d268491a59f2c43bf03eb6c96dd8f0307829feb7fa2b6fb",
                "sha256:b4f13750ce79751586ae2eb824ba7e1e8dba64784086c98cdbbcc6a42112ce0d",
                "sha256:b64d8d4d17135e00c8e346e0a738deb17e754230d7e0810ac5012750bbd85a5a",
                "sha256:ba10f8411898fc418a521833e014a77d3ca01c15b0c6cdcce6a0d2897e6dbbdf",
                "sha256:bd48227a919f1bafbdda0583705e547892342c26fb127219d60a5c36882609d1",
                "sha256:c1f9540be57940698ed329904db803cf7a402f3fc200bfe599334c9bd84a40b2",
                "sha256:c820a93b0255bc360f53eca31a0e676fd1101f673dda8da93454a12e23fc5f7a",
                "sha256:ce47521a4754c8f4593837384bd3424880629f718d87c5d44f8ed763edd63543",
                "sha256:d042d24c90c41b54fd506da306759e06e568864df8ec17ccc17e9e884634fd00",
                "sha256:de749064336d37e340f640b05f24e9e3dd678c57318c7289d222a8a2f543e90c",
                "sha256:e1dda9c7e08dc141e0247a5b8f49cf05984955246a327d4c48bda16821947b2f",
                "sha256:e29554e2bef54a90aa5cc07da6ce955accb83f21ab5de01a62c8478897b264fd",
                "sha256:e3143e4451880bed956e706a3220b4e5cf6172ef05fcc397f6f36a550b1dd868",
                "sha256:e8213002e427c69c45a52bbd94163084025f533a55a59d6f9c5b820774ef3303",
                "sha256:efd28d4e9cd7d7a8d39074a4d44c63eda73401580c5c76acda2ce969e0a38e83",
                "sha256:f0fd6321b839904e15c46e0d257fdd101dd7f530fe03fd6359c1ea63738703f3",
                "sha256:f1372f041402e37e5e633e586f62aa53de2eac8d98cbfb822806ce4bbefcb74d",
                "sha256:f2618db89be1b4e05f7a1a847a9c1c0abd63e63a1607d892dd54668dd92faf87",
                "sha256:f447e6acb680fd307f40d3da4852208af94afdfab89cf850986c3ca00562f4fa",
                "sha256:f92729c95468a2f4f15e9bb94c432a9229d0d50de67304399627a943201baa2f",
                "sha256:f9f1adb22318e121c5c69a09142811a201ef17ab257a1e66ca3025065b7f53ae",
                "sha256:fc0c5673685c508a142ca65209b4e79ed6740a4ed6b2267dbba90f34b0b3cfda",
                "sha256:fc7b73d02efb0e18c000e9ad8b83480dfcd5dfd11065997ed4c6747470ae8915",
                "sha256:fd83c01228a688733f1ded5201c678f0c53ecc1006ffbc404db9f7a899ac6249",
                "sha256:fe27749d33bb772c80dcd84ae7e8df2adc920ae8297400dabec45f0dedb3f6de",
                "sha256:fee4236c876c4e8369388054d02d0e9bb84821feb1a64dd59e137e6511a551f8"
            ],
            "markers": "python_version >= '3.10'",
            "version": "==2.2.6"
        },
        "packaging": {
            "hashes": [
                "sha256:94edc256424af38762eb31306eed28beb9f0efc50a8837492c9d6fd6004aed79",
                "sha256:d7193f7c8e4e93f444fde0262bf90af30e16fa0ad0ad44cb553c87339b23cd1c"
            ],
            "markers": "python_version >= '3.9'",
            "version": "==26.3"
        },
        "pandas": {
            "hashes": [
                "sha256:0242fe9a49aa8b4d78a4fa03acb397a58833ef6199e9aa40a95f027bb3a1b6e7",
                "sha256:1611aedd912e1ff81ff41c745822980c49ce4a7907537be8692c8dbc31924593",
                "sha256:1b07204a219b3b7350abaae088f451860223a52cfb8a6c53358e7948735158e5",
                "sha256:1d37b5848ba49824e5c30bedb9c830ab9b7751fd049bc7914533e01c65f79791",
                "sha256:23ebd657a4d38268c7dfbdf089fbc31ea709d82e4923c5ffd4fbd5747133ce73",
                "sha256:2462b1a365b6109d275250baaae7b760fd25c726aaca0054649286bcfbb3e8ec",
                "sha256:28083c648d9a99a5dd035ec125d42439c6c1c525098c58af0fc38dd1a7a1b3d4",
                "sha256:2e3ebdb170b5ef78f19bfb71b0dc5dc58775032361fa188e814959b74d726dd5",
                "sha256:318d77e0e42a628c04dc56bcef4b40de67918f7041c2b061af1da41dcff670ac",
                "sha256:371a4ab48e950033bcf52b6527eccb564f52dc826c02afd9a1bc0ab731bba084",
                "sha256:376c6446ae31770764215a6c937f72d917f214b43560603cd60da6408f183b6c",
                "sha256:3869faf4bd07b3b66a9f462417d0ca3a9df29a9f6abd5d0d0dbab15dac7abe87",
                "sha256:3fd2f887589c7aa868e02632612ba39acb0b8948faf5cc58f0850e165bd46f35",
                "sha256:4793891684806ae50d1288c9bae9330293ab4e083ccd1c5e383c34549c6e4250",
                "sha256:4e0a175408804d566144e170d0476b15d78458795bb18f1304fb94160cabf40c",
                "sha256:503cf027cf9940d2ceaa1a93cfb5f8c8c7e6e90720a2850378f0b3f3b1e06826",
                "sha256:5554c929ccc317d41a5e3d1234f3be588248e61f08a74dd17c9eabb535777dc9",
                "sha256:56851a737e3470de7fa88e6131f41281ed440d29a9268dcbf0002da5ac366713",
                "sha256:5caf26f64126b6c7aec964f74266f435afef1c1b13da3b0636c7518a1fa3e2b1",
                "sha256:602b8615ebcc4a0c1751e71840428ddebeb142ec02c786e8ad6b1ce3c8dec523",
                "sha256:6253c72c6a1d990a410bc7de641d34053364ef8bcd3126f7e7450125887dffe3",
                "sha256:6435cb949cb34ec11cc9860246ccb2fdc9ecd742c12d3304989017d53f039a78",
                "sha256:6d21f6d74eb1725c2efaa71a2bfc661a0689579b58e9c0ca58a739ff0b002b53",
                "sha256:6d2cefc361461662ac48810cb14365a365ce864afe85ef1f447ff5a1e99ea81c",
                "sha256:74ecdf1d301e812db96a465a525952f4dde225fdb6d8e5a521d47e1f42041e21",
                "sha256:75ea25f9529fdec2d2e93a42c523962261e567d250b0013b16210e1d40d7c2e5",
                "sha256:854d00d556406bffe66a4c0802f334c9ad5a96b4f1f868adf036a21b11ef13ff",
                "sha256:8fe25fc7b623b0ef6b5009149627e34d2a4657e880948ec3c840e9402e5c1b45",
                "sha256:900f47d8f20860de523a1ac881c4c36d65efcb2eb850e6948140fa781736e110",
                "sha256:93c2d9ab0fc11822b5eece72ec9587e172f63cff87c00b062f6e37448ced4493",
                "sha256:a16dcec078a01eeef8ee61bf64074b4e524a2a3f4b3be9326420cabe59c4778b",
                "sha256:a21d830e78df0a515db2b3d2f5570610f5e6bd2e27749770e8bb7b524b89b450",
                "sha256:a45c765238e2ed7d7c608fc5bc4a6f88b642f2f01e70c0c23d2224dd21829d86",
                "sha256:a637c5cdfa04b6d6e2ecedcb81fc52ffb0fd78ce2ebccc9ea964df9f658de8c8",
                "sha256:a68e15f780eddf2b07d242e17a04aa187a7ee12b40b930bfdd78070556550e98",
                "sha256:b3d11d2fda7eb164ef27ffc14b4fcab16a80e1ce67e9f57e19ec0afaf715ba89",
                "sha256:b468d3dad6ff947df92dcb32ede5b7bd41a9b3cceef0a30ed925f6d01fb8fa66",
                "sha256:b98560e98cb334799c0b07ca7967ac361a47326e9b4e5a7dfb5ab2b1c9d35a1b",
                "sha256:bdcd9d1167f4885211e401b3036c0c8d9e274eee67ea8d0758a256d60704cfe8",
                "sha256:bf1f8a81d04ca90e32a0aceb819d34dbd378a98bf923b6398b9a3ec0bf44de29",
                "sha256:c46467899aaa4da076d5abc11084634e2d197e9460643dd455ac3db5856b24d6",
                "sha256:c4fc4c21971a1a9f4bdb4c73978c7f7256caa3e62b323f70d6cb80db583350bc",
                "sha256:c503ba5216814e295f40711470446bc3fd00f0faea8a086cbc688808e26f92a2",
                "sha256:d051c0e065b94b7a3cea50eb1ec32e912cd96dba41647eb24104b6c6c14c5788",
                "sha256:d3e28b3e83862ccf4d85ff19cf8c20b2ae7e503881711ff2d534dc8f761131aa",
                "sha256:db4301b2d1f926ae677a751eb2bd0e8c5f5319c9cb3f88b0becbbb0b07b34151",
                "sha256:dd7478f1463441ae4ca7308a70e90b33470fa593429f9d4c578dd00d1fa78838",
                "sha256:e05e1af93b977f7eafa636d043f9f94c7ee3ac81af99c13508215942e64c993b",
                "sha256:e19d192383eab2f4ceb30b412b22ea30690c9e618f78870357ae1d682912015a",
                "sha256:e32e7cc9af0f1cc15548288a51a3b681cc2a219faa838e995f7dc53dbab1062d",
                "sha256:ecaf1e12bdc03c86ad4a7ea848d66c685cb6851d807a26aa245ca3d2017a1908",
                "sha256:ee15f284898e7b246df8087fc82b87b01686f98ee67d85a17b7ab44143a3a9a0",
                "sha256:ee67acbbf05014ea6c763beb097e03cd629961c8a632075eeb34247120abcb4b",
                "sha256:f086f6fe114e19d92014a1966f43a3e62285109afe874f067f5abbdcbb10e59c",
                "sha256:f8bfc0e12dc78f777f323f55c58649591b2cd0c43534e8355c51d3fede5f4dee"
            ],
            "index": "pypi",
            "markers": "python_version >= '3.9'",
            "version": "==2.3.3"
        },
        "pluggy": {
            "hashes": [
                "sha256:7dcc130b76258d33b90f61b658791dede3486c3e6bfb003ee5c9bfb396dd22f3",
                "sha256:e920276dd6813095e9377c0bc5566d94c932c33b27a3e3945d8389c374dd4746"
            ],
            "markers": "python_version >= '3.9'",
            "version": "==1.6.0"
        },
        "pygments": {
            "hashes": [
                "sha256:2363c69b61c4a97c838da3b130dcd6468f4848992b21a82f2a63ec34377137d9",
                "sha256:610ca751c9bc2492b38eb9a38a7fbc93edbbb2d7182edaf34e66ae493dee5c8c"
            ],
            "markers": "python_version >= '3.9'",
            "version": "==2.21.0"
        },
        "pytest": {
            "hashes": [
                "sha256:1088fbde8f2b49d95a549a195707afa7a76a3ce9bcadc26b6d71f0ffda5fe313",
                "sha256:37a86b45efb9a47a61a36449063e8e18d0cab3161329fc099eb21783169c4f0c"
            ],
            "index": "pypi",
            "markers": "python_version >= '3.10'",
            "version": "==9.1.1"
        },
        "python-dateutil": {
            "hashes": [
                "sha256:37dd54208da7e1cd875388217d5e00ebd4179249f90fb72437e91a35459a0ad3",
                "sha256:a8b2bc7bffae282281c8140a97d3aa9c14da0b136dfe83f850eea9a5f7470427"
            ],
            "markers": "python_version >= '2.7' and python_version not in '3.0, 3.1, 3.2'",
            "version": "==2.9.0.post0"
        },
        "pytz": {
            "hashes": [
                "sha256:e658af3757f9e26a9d25dd2aff38335acd92bc9104f890a894b2c1ba28311b03",
                "sha256:fa23724b9c486543b9ff54a327ee7569ac83ade54bb9afd0fc18676620401c86"
            ],
            "version": "==2026.5"
        },
        "six": {
            "hashes": [
                "sha256:4721f391ed90541fddacab5acf947aa0d3dc7d27b2e1e8eda2be8970586c3274",
                "sha256:ff70335d468e7eb6ec65b95b99d3a2836546063f63acc5171de367e834932a81"
            ],
            "markers": "python_version >= '2.7' and python_version not in '3.0, 3.1, 3.2'",
            "version": "==1.17.0"
        },
        "tomli": {
            "hashes": [
                "sha256:069435bd5480429b98c5e5afb02ab21c219b6f0064680671c6dc0d46817346ea",
                "sha256:0dc598040da8d42cf20f0be588ed7004f46db12a0ac6c32e03a59dccedaaadcd",
                "sha256:1245a6638fc4bb0a60af38a7d45413db34a13842027c77597c712c998c62fdf0",
                "sha256:19b0dd8749f4ea2f112c5fcfb3c5248390c899d7e2e173f1d91abee1fa0ff391",
                "sha256:1f4a40d03fb9f63424f0979855bdeaf44dd7696b8d59501822c10ed30ba532df",
                "sha256:20aa36de8f2cf87237143bc1fa1aae8d6612c09118f4da21c6a684db5dd1f6f9",
                "sha256:21e4cae4114aba25aa0d4f85cdf486d290fb35c0954d7bba536248da64d43066",
                "sha256:22185fad8a1e622f064e78008018a0dd3323550dcb479cb7a1d296888d74024f",
                "sha256:2419c2a189551987b59d80e63ec355671283336f41c6b9b89462df679c7d0c57",
                "sha256:264507556cd8b8c8e7c6ee037cdf443a463f03f4c958e57195e3d369711b8ff6",
                "sha256:32a7b79ac57a2e83670ce329ccf675798bc5a2094783a63676866b70503f2e2b",
                "sha256:3f89d10c1ff6a38d992c27fc8a4816af71a909e08a40ec66934240b1e74347c3",
                "sha256:463b16086865b97facd8d0b3fb4cb7c544e3f58d2a69dc3113d6db9653fdb043",
                "sha256:49096930c8d886c9bbdab62d2d0d17ce823ddeea522309a190b36245d5b49e01",
                "sha256:521345fd1f19d45b8df87657aaa38b6f2ca3800059fadf428e7ebf479a383646",
                "sha256:57b1c3b01fab802e2899bc3d168dca320e14165e2fd9fd584760fb4ca5826859",
                "sha256:5d8bac3d603c97e6854424e5b2b5b741bdbde387e09f162fb0446812b4a8362b",
                "sha256:610b27d99f28ec5f191c7064a48f3ddb179a1fe6ca73d571483ae859f57b605e",
                "sha256:61ea1ebe1e55a34ea8199cc8dbff398d35027b82271c8ac4802fd3a1fd5b1bcc",
                "sha256:62fc1bc8eb03e3a9cadfca713d65614ed8e09d974a283295ffe3a831976b4dc5",
                "sha256:6664b7ae7af7294256c53960a6103077f4914cec8ff98479c352f622c6f6b2f0",
                "sha256:667e521b37a6c5ccaa044202c235b530f90177ffe2cd4a64ecc213c7dd535feb",
                "sha256:69491c143d2fe063046e0301e62a810bed338fa4d1ce0fd870c27dc1e09b0d84",
                "sha256:6cf74416bdc94ae458b14e37286c1073081850ac8459a00d0c5efef5d44294c6",
                "sha256:6e95c7614e705bfe2b04b27aa124adec59752d15813df37e2156747cab3a006b",
                "sha256:6f041843c4d3a37245c0c056fd955b186bf8b1fb85690cbe40b81230891dc34b",
                "sha256:752e8b1aa6a4367ef8bf6a1a1e005540f7ed055ba36d7193796812ca5404eb52",
                "sha256:75dbcde8751b0a960aa3de173aa5e894d590755c6d7758b7e774c06f1dc3cbdd",
                "sha256:7ac2027d37c3afbdf4bdd377f2676f6f1d2122a5be1f1137b49dced590b37e75",
                "sha256:7ad1ea345759240d6463efa0ed1c704402752e49aa21476620738d74d72d8aa1",
                "sha256:86665cee9c4835b7a7f1e8ec2c719b5258d4dc782887aded5a8ae7352a96843b",
                "sha256:8ff3a2ca028c7eee0c777f9a092038d0a594a9fa04e215f929a22c329e2cb142",
                "sha256:91294a9fb94a75542f6e46e4a2ae709bd8d9b51134098cae5cf3bea5478b6d03",
                "sha256:943276cf269e0071948d9ff697159c1735e623c1151d88abb09b74659ef0cbea",
                "sha256:96243987194634bd411066ce40c952e108f86af04db533ecd8ac3ff2a85b1885",
                "sha256:984012f71908165449a951de2050d52f276bfe3aa5d5f570f63ddad814370374",
                "sha256:9b03d7dc168353b4132965bde20feceabaa470e570c6f59660dfae59b1f9eeb3",
                "sha256:9dbb18c1cfb2f6517942fc9314437f66aa06d94436ffb1f06102ef3572f35276",
                "sha256:9ebf8d19b17bd0daeb7b7dec81a946a439b753942fd0210d6e96c532249eea6b",
                "sha256:a525685c2f97da40762b8695eb7aa0af4c8344ca1905c73e4e29cb04d34607dc",
                "sha256:abdbf6313b8d9efe157edeb7ab6eae4de064b1300ad31abf73755154b30abe68",
                "sha256:b69564772b5c8f22ea5f498dff08cfa825045b4d4c4400529000bdf818aa3b2a",
                "sha256:b8ade5023067f99fe72b88accd30d0ea05a158e9e32a11f124e731ea9695313f",
                "sha256:bbaefc84548d754be821bba7c4141c4787dda182f9e77f2f87b71213529efa7b",
                "sha256:bd05de8c1698f8413dd7d869492693a0bf2211543b787ac78cd5e7536af1a6d7",
                "sha256:bf0b5e8e0f68ebb494356e577c06c139161efd8d3b9050f93b39b7c26cc54ff0",
                "sha256:c414be4ed9d3cac80c42e348fa5a956117d1a48227f48026e31f59cb4a7671eb",
                "sha256:c47300f9bf791808f77d82747691c4bb09cb14bdf3060cca99b42cdc4361d5a7",
                "sha256:c4dc1c1781f2f716de763d1e9a7b34c6a894e167e291c7c5d16c72f7a9538545",
                "sha256:c804ae44fe7b4bab5da295e4f980a1ff04670bca9d23fe0a4e887e08ebd741a8",
                "sha256:cfac177ebd6236003846ea339981f71457cb6eb748f23381eb257e45092e3980",
                "sha256:d2ba24db8a9376921b5e87b4762b9adb0f3f1deaea68f2b8b0bb2c11efb9c3e7",
                "sha256:d3182ee2d887e507bd67319a0a61105d1dd33facc111329559a233b772c1a105",
                "sha256:d747252933c8a65ef6bd8da0fbb7ce28a90eb6119d8cd00772cd528aa07b68d5",
                "sha256:d7e369fd63331746182360977b1892bfc215476a30d61612d732425311639f56",
                "sha256:e12bbcd32897272fb05929110362ae9ff4c1b9bb26bd9e971e71dcd3275b4c3d",
                "sha256:e7ad033e27a516a233bea839cdb77b80146facb3b4f40bf02cd0cac165cdd5c2",
                "sha256:e9e15b4a6c7dd6b85b5fbab29488a73f1f70de516942308daa266bf0e0aeb0d4",
                "sha256:ed53f7e89bb04f6d9e8e7799112360b0c4d5cbff067de0814c98c37c39b920f7",
                "sha256:eff8babca5a7999bc137acbc7482a8b7e17ffca5075ab41f5d770ab408c7bfef",
                "sha256:f15e3e0b835a6d68b10c86bf80a3149780498d6911c93c3ffd1861d19f9200f1",
                "sha256:f3fcbc57b1791fa6cbe5d8434179d51de12be1a4811469529f47f6e7487a2571",
                "sha256:f4b653094e18f9031102d3a1da5c729c8f222d85225b18037dac621695e46e1a",
                "sha256:f79203b3965b4000e91808aaa7c040206093f2b8bf86f455982f2274c9ccf442",
                "sha256:fd4dc129784e0c5335bd4e61dfcc4487499a013419e655cf2da1d091b7e0efdc"
            ],
            "markers": "python_version >= '3.8'",
            "version": "==2.5.0"
        },
        "typing-extensions": {
            "hashes": [
                "sha256:481caa481374e813c1b176ada14e97f1f67a4539ce9cfeb3f350d78d6370c2e8",
                "sha256:dc983d19a509c94dba722ee6abd33940f7c05a89e243c47e907eb4db6f1a43e5"
            ],
            "markers": "python_version >= '3.9'",
            "version": "==4.16.0"
        },
        "tzdata": {
            "hashes": [
                "sha256:8cc73c0a0bfca7dbfa59235d60b2eff82231dee33f53d206db1acd9173cfc0a7",
                "sha256:b683bd1b6659ddcd810ff02ad09ba821d4bf1065072805063eb35c49617905ac"
            ],
            "markers": "python_version >= '2'",
            "version": "==2026.5"
        }
    },
    "develop": {}
}
